# This file is automatically @generated by Cargo.
# It is not intended for manual editing.
version = 4

[[package]]
name = "discord"
version = "0.1.0"

[[package]]
name = "infra"
version = "0.1.0"

[[package]]
name = "infra_config"
version = "0.1.0"

[[package]]
name = "kernel"
version = "0.1.0"

[[package]]
name = "monitor"
version = "0.1.0"

[[package]]
name = "shared"
version = "0.1.0"
